// !$*UTF8*$!
{
	archiveVersion = 1;
	classes = {
	};
	objectVersion = 50;
	objects = {

/* Begin PBXBuildFile section */
		230C9780211D5F7D009EDE7D /* Classess.swift in Sources */ = {isa = PBXBuildFile; fileRef = 230C977F211D5F7D009EDE7D /* Classess.swift */; };
		23B1838C210E6BF700309AA4 /* LaunchScreen.storyboard in Resources */ = {isa = PBXBuildFile; fileRef = 23B18355210E6BF700309AA4 /* LaunchScreen.storyboard */; };
		23B1838D210E6BF700309AA4 /* Assets.xcassets in Resources */ = {isa = PBXBuildFile; fileRef = 23B18357210E6BF700309AA4 /* Assets.xcassets */; };
		23B1838E210E6BF700309AA4 /* Main.storyboard in Resources */ = {isa = PBXBuildFile; fileRef = 23B18358210E6BF700309AA4 /* Main.storyboard */; };
		23B1838F210E6BF700309AA4 /* Palak.jpg in Resources */ = {isa = PBXBuildFile; fileRef = 23B1835B210E6BF700309AA4 /* Palak.jpg */; };
		23B18390210E6BF700309AA4 /* Tindoora.jpg in Resources */ = {isa = PBXBuildFile; fileRef = 23B1835C210E6BF700309AA4 /* Tindoora.jpg */; };
		23B18391210E6BF700309AA4 /* Bataka.jpg in Resources */ = {isa = PBXBuildFile; fileRef = 23B1835D210E6BF700309AA4 /* Bataka.jpg */; };
		23B18392210E6BF700309AA4 /* Dudhi.jpg in Resources */ = {isa = PBXBuildFile; fileRef = 23B1835E210E6BF700309AA4 /* Dudhi.jpg */; };
		23B18393210E6BF700309AA4 /* Kaakdi.jpg in Resources */ = {isa = PBXBuildFile; fileRef = 23B1835F210E6BF700309AA4 /* Kaakdi.jpg */; };
		23B18394210E6BF700309AA4 /* TuvarLilva.jpg in Resources */ = {isa = PBXBuildFile; fileRef = 23B18360210E6BF700309AA4 /* TuvarLilva.jpg */; };
		23B18395210E6BF700309AA4 /* Vatana.jpg in Resources */ = {isa = PBXBuildFile; fileRef = 23B18361210E6BF700309AA4 /* Vatana.jpg */; };
		23B18396210E6BF700309AA4 /* Kanda.jpg in Resources */ = {isa = PBXBuildFile; fileRef = 23B18362210E6BF700309AA4 /* Kanda.jpg */; };
		23B18397210E6BF700309AA4 /* Bhel.jpg in Resources */ = {isa = PBXBuildFile; fileRef = 23B18364210E6BF700309AA4 /* Bhel.jpg */; };
		23B18398210E6BF700309AA4 /* DahiVada.jpg in Resources */ = {isa = PBXBuildFile; fileRef = 23B18365210E6BF700309AA4 /* DahiVada.jpg */; };
		23B18399210E6BF700309AA4 /* Khaman.jpg in Resources */ = {isa = PBXBuildFile; fileRef = 23B18366210E6BF700309AA4 /* Khaman.jpg */; };
		23B1839A210E6BF700309AA4 /* BhajiPav.jpg in Resources */ = {isa = PBXBuildFile; fileRef = 23B18367210E6BF700309AA4 /* BhajiPav.jpg */; };
		23B1839B210E6BF700309AA4 /* VadaPav.jpg in Resources */ = {isa = PBXBuildFile; fileRef = 23B18368210E6BF700309AA4 /* VadaPav.jpg */; };
		23B1839C210E6BF700309AA4 /* PaneerTikka.jpg in Resources */ = {isa = PBXBuildFile; fileRef = 23B18369210E6BF700309AA4 /* PaneerTikka.jpg */; };
		23B1839D210E6BF700309AA4 /* Dabeli.jpg in Resources */ = {isa = PBXBuildFile; fileRef = 23B1836A210E6BF700309AA4 /* Dabeli.jpg */; };
		23B1839E210E6BF700309AA4 /* DryManchurian.jpg in Resources */ = {isa = PBXBuildFile; fileRef = 23B1836B210E6BF700309AA4 /* DryManchurian.jpg */; };
		23B1839F210E6BF700309AA4 /* CholeBhature.jpg in Resources */ = {isa = PBXBuildFile; fileRef = 23B1836C210E6BF700309AA4 /* CholeBhature.jpg */; };
		23B183A0210E6BF700309AA4 /* PaniPuri.jpg in Resources */ = {isa = PBXBuildFile; fileRef = 23B1836D210E6BF700309AA4 /* PaniPuri.jpg */; };
		23B183A1210E6BF700309AA4 /* AlooTikki.jpg in Resources */ = {isa = PBXBuildFile; fileRef = 23B1836E210E6BF700309AA4 /* AlooTikki.jpg */; };
		23B183A2210E6BF700309AA4 /* MasalaDosa.jpg in Resources */ = {isa = PBXBuildFile; fileRef = 23B1836F210E6BF700309AA4 /* MasalaDosa.jpg */; };
		23B183A3210E6BF700309AA4 /* Samosa.jpg in Resources */ = {isa = PBXBuildFile; fileRef = 23B18370210E6BF700309AA4 /* Samosa.jpg */; };
		23B183A4210E6BF700309AA4 /* Limbu.jpg in Resources */ = {isa = PBXBuildFile; fileRef = 23B18372210E6BF700309AA4 /* Limbu.jpg */; };
		23B183A5210E6BF700309AA4 /* Galeli.jpg in Resources */ = {isa = PBXBuildFile; fileRef = 23B18373210E6BF700309AA4 /* Galeli.jpg */; };
		23B183A6210E6BF700309AA4 /* Draksh.jpg in Resources */ = {isa = PBXBuildFile; fileRef = 23B18374210E6BF700309AA4 /* Draksh.jpg */; };
		23B183A7210E6BF700309AA4 /* Keru.jpg in Resources */ = {isa = PBXBuildFile; fileRef = 23B18375210E6BF700309AA4 /* Keru.jpg */; };
		23B183A8210E6BF700309AA4 /* Dadham.jpg in Resources */ = {isa = PBXBuildFile; fileRef = 23B18376210E6BF700309AA4 /* Dadham.jpg */; };
		23B183A9210E6BF700309AA4 /* Carambola.jpg in Resources */ = {isa = PBXBuildFile; fileRef = 23B18377210E6BF700309AA4 /* Carambola.jpg */; };
		23B183AA210E6BF700309AA4 /* KaachiKeri.jpg in Resources */ = {isa = PBXBuildFile; fileRef = 23B18378210E6BF700309AA4 /* KaachiKeri.jpg */; };
		23B183AB210E6BF700309AA4 /* Tarbooch.jpg in Resources */ = {isa = PBXBuildFile; fileRef = 23B18379210E6BF700309AA4 /* Tarbooch.jpg */; };
		23B183AC210E6BF700309AA4 /* Keri.jpg in Resources */ = {isa = PBXBuildFile; fileRef = 23B1837A210E6BF700309AA4 /* Keri.jpg */; };
		23B183AD210E6BF700309AA4 /* Sherdi.jpg in Resources */ = {isa = PBXBuildFile; fileRef = 23B1837B210E6BF700309AA4 /* Sherdi.jpg */; };
		23B183AE210E6BF700309AA4 /* Chapa.jpg in Resources */ = {isa = PBXBuildFile; fileRef = 23B1837C210E6BF700309AA4 /* Chapa.jpg */; };
		23B183AF210E6BF700309AA4 /* VilayatiImli.jpg in Resources */ = {isa = PBXBuildFile; fileRef = 23B1837D210E6BF700309AA4 /* VilayatiImli.jpg */; };
		23B183B0210E6BF700309AA4 /* Jambu.jpg in Resources */ = {isa = PBXBuildFile; fileRef = 23B1837E210E6BF700309AA4 /* Jambu.jpg */; };
		23B183B1210E6BF700309AA4 /* Safarjan.jpg in Resources */ = {isa = PBXBuildFile; fileRef = 23B1837F210E6BF700309AA4 /* Safarjan.jpg */; };
		23B183B2210E6BF700309AA4 /* Jamrukh.jpg in Resources */ = {isa = PBXBuildFile; fileRef = 23B18380210E6BF700309AA4 /* Jamrukh.jpg */; };
		23B183B3210E6BF700309AA4 /* Hardar.jpg in Resources */ = {isa = PBXBuildFile; fileRef = 23B18382210E6BF700309AA4 /* Hardar.jpg */; };
		23B183B4210E6BF700309AA4 /* Ajmo.jpg in Resources */ = {isa = PBXBuildFile; fileRef = 23B18383210E6BF700309AA4 /* Ajmo.jpg */; };
		23B183B5210E6BF700309AA4 /* LaalMarchu.jpg in Resources */ = {isa = PBXBuildFile; fileRef = 23B18384210E6BF700309AA4 /* LaalMarchu.jpg */; };
		23B183B6210E6BF700309AA4 /* Meethu.jpg in Resources */ = {isa = PBXBuildFile; fileRef = 23B18385210E6BF700309AA4 /* Meethu.jpg */; };
		23B183B7210E6BF700309AA4 /* Mari.jpg in Resources */ = {isa = PBXBuildFile; fileRef = 23B18386210E6BF700309AA4 /* Mari.jpg */; };
		23B183B8210E6BF700309AA4 /* AppDelegate.swift in Sources */ = {isa = PBXBuildFile; fileRef = 23B18387210E6BF700309AA4 /* AppDelegate.swift */; };
		23B183B9210E6BF700309AA4 /* ViewController.swift in Sources */ = {isa = PBXBuildFile; fileRef = 23B18389210E6BF700309AA4 /* ViewController.swift */; };
		23B183BA210E6BF700309AA4 /* QuizViewController.swift in Sources */ = {isa = PBXBuildFile; fileRef = 23B1838A210E6BF700309AA4 /* QuizViewController.swift */; };
		23B183BB210E6BF700309AA4 /* Info.plist in Resources */ = {isa = PBXBuildFile; fileRef = 23B1838B210E6BF700309AA4 /* Info.plist */; };
		23DD7C1A21166A4D00199B2B /* Extensions.swift in Sources */ = {isa = PBXBuildFile; fileRef = 23DD7C1921166A4D00199B2B /* Extensions.swift */; };
		23DD7C1C2117772800199B2B /* DOFavoriteButton.swift in Sources */ = {isa = PBXBuildFile; fileRef = 23DD7C1B2117772800199B2B /* DOFavoriteButton.swift */; };
		23DD7C21211CC03300199B2B /* ModalViewBackground.jpg in Resources */ = {isa = PBXBuildFile; fileRef = 23DD7C20211CC03300199B2B /* ModalViewBackground.jpg */; };
		EFBBFCDADA89E873B47E1812 /* Pods_foodGyaan.framework in Frameworks */ = {isa = PBXBuildFile; fileRef = EBEE89000026AFBF55D2243A /* Pods_foodGyaan.framework */; };
/* End PBXBuildFile section */

/* Begin PBXFileReference section */
		230C977F211D5F7D009EDE7D /* Classess.swift */ = {isa = PBXFileReference; lastKnownFileType = sourcecode.swift; path = Classess.swift; sourceTree = "<group>"; };
		2388F76C2105456A007F85DF /* foodGyaan.app */ = {isa = PBXFileReference; explicitFileType = wrapper.application; includeInIndex = 0; path = foodGyaan.app; sourceTree = BUILT_PRODUCTS_DIR; };
		23B18355210E6BF700309AA4 /* LaunchScreen.storyboard */ = {isa = PBXFileReference; fileEncoding = 4; lastKnownFileType = file.storyboard; path = LaunchScreen.storyboard; sourceTree = "<group>"; };
		23B18356210E6BF700309AA4 /* TryItHere.playground */ = {isa = PBXFileReference; lastKnownFileType = file.playground; path = TryItHere.playground; sourceTree = "<group>"; xcLanguageSpecificationIdentifier = xcode.lang.swift; };
		23B18357210E6BF700309AA4 /* Assets.xcassets */ = {isa = PBXFileReference; lastKnownFileType = folder.assetcatalog; path = Assets.xcassets; sourceTree = "<group>"; };
		23B18358210E6BF700309AA4 /* Main.storyboard */ = {isa = PBXFileReference; fileEncoding = 4; lastKnownFileType = file.storyboard; path = Main.storyboard; sourceTree = "<group>"; };
		23B1835B210E6BF700309AA4 /* Palak.jpg */ = {isa = PBXFileReference; lastKnownFileType = image.jpeg; path = Palak.jpg; sourceTree = "<group>"; };
		23B1835C210E6BF700309AA4 /* Tindoora.jpg */ = {isa = PBXFileReference; lastKnownFileType = image.jpeg; path = Tindoora.jpg; sourceTree = "<group>"; };
		23B1835D210E6BF700309AA4 /* Bataka.jpg */ = {isa = PBXFileReference; lastKnownFileType = image.jpeg; path = Bataka.jpg; sourceTree = "<group>"; };
		23B1835E210E6BF700309AA4 /* Dudhi.jpg */ = {isa = PBXFileReference; lastKnownFileType = image.jpeg; path = Dudhi.jpg; sourceTree = "<group>"; };
		23B1835F210E6BF700309AA4 /* Kaakdi.jpg */ = {isa = PBXFileReference; lastKnownFileType = image.jpeg; path = Kaakdi.jpg; sourceTree = "<group>"; };
		23B18360210E6BF700309AA4 /* TuvarLilva.jpg */ = {isa = PBXFileReference; lastKnownFileType = image.jpeg; path = TuvarLilva.jpg; sourceTree = "<group>"; };
		23B18361210E6BF700309AA4 /* Vatana.jpg */ = {isa = PBXFileReference; lastKnownFileType = image.jpeg; path = Vatana.jpg; sourceTree = "<group>"; };
		23B18362210E6BF700309AA4 /* Kanda.jpg */ = {isa = PBXFileReference; lastKnownFileType = image.jpeg; path = Kanda.jpg; sourceTree = "<group>"; };
		23B18364210E6BF700309AA4 /* Bhel.jpg */ = {isa = PBXFileReference; lastKnownFileType = image.jpeg; path = Bhel.jpg; sourceTree = "<group>"; };
		23B18365210E6BF700309AA4 /* DahiVada.jpg */ = {isa = PBXFileReference; lastKnownFileType = image.jpeg; path = DahiVada.jpg; sourceTree = "<group>"; };
		23B18366210E6BF700309AA4 /* Khaman.jpg */ = {isa = PBXFileReference; lastKnownFileType = image.jpeg; path = Khaman.jpg; sourceTree = "<group>"; };
		23B18367210E6BF700309AA4 /* BhajiPav.jpg */ = {isa = PBXFileReference; lastKnownFileType = image.jpeg; path = BhajiPav.jpg; sourceTree = "<group>"; };
		23B18368210E6BF700309AA4 /* VadaPav.jpg */ = {isa = PBXFileReference; lastKnownFileType = image.jpeg; path = VadaPav.jpg; sourceTree = "<group>"; };
		23B18369210E6BF700309AA4 /* PaneerTikka.jpg */ = {isa = PBXFileReference; lastKnownFileType = image.jpeg; path = PaneerTikka.jpg; sourceTree = "<group>"; };
		23B1836A210E6BF700309AA4 /* Dabeli.jpg */ = {isa = PBXFileReference; lastKnownFileType = image.jpeg; path = Dabeli.jpg; sourceTree = "<group>"; };
		23B1836B210E6BF700309AA4 /* DryManchurian.jpg */ = {isa = PBXFileReference; lastKnownFileType = image.jpeg; path = DryManchurian.jpg; sourceTree = "<group>"; };
		23B1836C210E6BF700309AA4 /* CholeBhature.jpg */ = {isa = PBXFileReference; lastKnownFileType = image.jpeg; path = CholeBhature.jpg; sourceTree = "<group>"; };
		23B1836D210E6BF700309AA4 /* PaniPuri.jpg */ = {isa = PBXFileReference; lastKnownFileType = image.jpeg; path = PaniPuri.jpg; sourceTree = "<group>"; };
		23B1836E210E6BF700309AA4 /* AlooTikki.jpg */ = {isa = PBXFileReference; lastKnownFileType = image.jpeg; path = AlooTikki.jpg; sourceTree = "<group>"; };
		23B1836F210E6BF700309AA4 /* MasalaDosa.jpg */ = {isa = PBXFileReference; lastKnownFileType = image.jpeg; path = MasalaDosa.jpg; sourceTree = "<group>"; };
		23B18370210E6BF700309AA4 /* Samosa.jpg */ = {isa = PBXFileReference; lastKnownFileType = image.jpeg; path = Samosa.jpg; sourceTree = "<group>"; };
		23B18372210E6BF700309AA4 /* Limbu.jpg */ = {isa = PBXFileReference; lastKnownFileType = image.jpeg; path = Limbu.jpg; sourceTree = "<group>"; };
		23B18373210E6BF700309AA4 /* Galeli.jpg */ = {isa = PBXFileReference; lastKnownFileType = image.jpeg; path = Galeli.jpg; sourceTree = "<group>"; };
		23B18374210E6BF700309AA4 /* Draksh.jpg */ = {isa = PBXFileReference; lastKnownFileType = image.jpeg; path = Draksh.jpg; sourceTree = "<group>"; };
		23B18375210E6BF700309AA4 /* Keru.jpg */ = {isa = PBXFileReference; lastKnownFileType = image.jpeg; path = Keru.jpg; sourceTree = "<group>"; };
		23B18376210E6BF700309AA4 /* Dadham.jpg */ = {isa = PBXFileReference; lastKnownFileType = image.jpeg; path = Dadham.jpg; sourceTree = "<group>"; };
		23B18377210E6BF700309AA4 /* Carambola.jpg */ = {isa = PBXFileReference; lastKnownFileType = image.jpeg; path = Carambola.jpg; sourceTree = "<group>"; };
		23B18378210E6BF700309AA4 /* KaachiKeri.jpg */ = {isa = PBXFileReference; lastKnownFileType = image.jpeg; path = KaachiKeri.jpg; sourceTree = "<group>"; };
		23B18379210E6BF700309AA4 /* Tarbooch.jpg */ = {isa = PBXFileReference; lastKnownFileType = image.jpeg; path = Tarbooch.jpg; sourceTree = "<group>"; };
		23B1837A210E6BF700309AA4 /* Keri.jpg */ = {isa = PBXFileReference; lastKnownFileType = image.jpeg; path = Keri.jpg; sourceTree = "<group>"; };
		23B1837B210E6BF700309AA4 /* Sherdi.jpg */ = {isa = PBXFileReference; lastKnownFileType = image.jpeg; path = Sherdi.jpg; sourceTree = "<group>"; };
		23B1837C210E6BF700309AA4 /* Chapa.jpg */ = {isa = PBXFileReference; lastKnownFileType = image.jpeg; path = Chapa.jpg; sourceTree = "<group>"; };
		23B1837D210E6BF700309AA4 /* VilayatiImli.jpg */ = {isa = PBXFileReference; lastKnownFileType = image.jpeg; path = VilayatiImli.jpg; sourceTree = "<group>"; };
		23B1837E210E6BF700309AA4 /* Jambu.jpg */ = {isa = PBXFileReference; lastKnownFileType = image.jpeg; path = Jambu.jpg; sourceTree = "<group>"; };
		23B1837F210E6BF700309AA4 /* Safarjan.jpg */ = {isa = PBXFileReference; lastKnownFileType = image.jpeg; path = Safarjan.jpg; sourceTree = "<group>"; };
		23B18380210E6BF700309AA4 /* Jamrukh.jpg */ = {isa = PBXFileReference; lastKnownFileType = image.jpeg; path = Jamrukh.jpg; sourceTree = "<group>"; };
		23B18382210E6BF700309AA4 /* Hardar.jpg */ = {isa = PBXFileReference; lastKnownFileType = image.jpeg; path = Hardar.jpg; sourceTree = "<group>"; };
		23B18383210E6BF700309AA4 /* Ajmo.jpg */ = {isa = PBXFileReference; lastKnownFileType = image.jpeg; path = Ajmo.jpg; sourceTree = "<group>"; };
		23B18384210E6BF700309AA4 /* LaalMarchu.jpg */ = {isa = PBXFileReference; lastKnownFileType = image.jpeg; path = LaalMarchu.jpg; sourceTree = "<group>"; };
		23B18385210E6BF700309AA4 /* Meethu.jpg */ = {isa = PBXFileReference; lastKnownFileType = image.jpeg; path = Meethu.jpg; sourceTree = "<group>"; };
		23B18386210E6BF700309AA4 /* Mari.jpg */ = {isa = PBXFileReference; lastKnownFileType = image.jpeg; path = Mari.jpg; sourceTree = "<group>"; };
		23B18387210E6BF700309AA4 /* AppDelegate.swift */ = {isa = PBXFileReference; fileEncoding = 4; lastKnownFileType = sourcecode.swift; path = AppDelegate.swift; sourceTree = "<group>"; };
		23B18389210E6BF700309AA4 /* ViewController.swift */ = {isa = PBXFileReference; fileEncoding = 4; lastKnownFileType = sourcecode.swift; path = ViewController.swift; sourceTree = "<group>"; };
		23B1838A210E6BF700309AA4 /* QuizViewController.swift */ = {isa = PBXFileReference; fileEncoding = 4; lastKnownFileType = sourcecode.swift; path = QuizViewController.swift; sourceTree = "<group>"; };
		23B1838B210E6BF700309AA4 /* Info.plist */ = {isa = PBXFileReference; fileEncoding = 4; lastKnownFileType = text.plist.xml; path = Info.plist; sourceTree = "<group>"; };
		23DD7C1921166A4D00199B2B /* Extensions.swift */ = {isa = PBXFileReference; lastKnownFileType = sourcecode.swift; path = Extensions.swift; sourceTree = "<group>"; };
		23DD7C1B2117772800199B2B /* DOFavoriteButton.swift */ = {isa = PBXFileReference; lastKnownFileType = sourcecode.swift; path = DOFavoriteButton.swift; sourceTree = "<group>"; };
		23DD7C20211CC03300199B2B /* ModalViewBackground.jpg */ = {isa = PBXFileReference; lastKnownFileType = image.jpeg; path = ModalViewBackground.jpg; sourceTree = "<group>"; };
		E1962802D086E2E009E139E5 /* Pods-foodGyaan.release.xcconfig */ = {isa = PBXFileReference; includeInIndex = 1; lastKnownFileType = text.xcconfig; name = "Pods-foodGyaan.release.xcconfig"; path = "Pods/Target Support Files/Pods-foodGyaan/Pods-foodGyaan.release.xcconfig"; sourceTree = "<group>"; };
		EBEE89000026AFBF55D2243A /* Pods_foodGyaan.framework */ = {isa = PBXFileReference; explicitFileType = wrapper.framework; includeInIndex = 0; path = Pods_foodGyaan.framework; sourceTree = BUILT_PRODUCTS_DIR; };
		F451BA68A998CF286F5C6ABA /* Pods-foodGyaan.debug.xcconfig */ = {isa = PBXFileReference; includeInIndex = 1; lastKnownFileType = text.xcconfig; name = "Pods-foodGyaan.debug.xcconfig"; path = "Pods/Target Support Files/Pods-foodGyaan/Pods-foodGyaan.debug.xcconfig"; sourceTree = "<group>"; };
/* End PBXFileReference section */

/* Begin PBXFrameworksBuildPhase section */
		2388F7692105456A007F85DF /* Frameworks */ = {
			isa = PBXFrameworksBuildPhase;
			buildActionMask = 2147483647;
			files = (
				EFBBFCDADA89E873B47E1812 /* Pods_foodGyaan.framework in Frameworks */,
			);
			runOnlyForDeploymentPostprocessing = 0;
		};
/* End PBXFrameworksBuildPhase section */

/* Begin PBXGroup section */
		230C977E211D5F4F009EDE7D /* Model */ = {
			isa = PBXGroup;
			children = (
				230C977F211D5F7D009EDE7D /* Classess.swift */,
			);
			path = Model;
			sourceTree = "<group>";
		};
		2388F7632105456A007F85DF = {
			isa = PBXGroup;
			children = (
				23B18354210E6BF700309AA4 /* foodGyaan */,
				2388F76D2105456A007F85DF /* Products */,
				D7085B943B010388B9E87EC1 /* Pods */,
				2B932DB5C39A6E012C041258 /* Frameworks */,
			);
			sourceTree = "<group>";
		};
		2388F76D2105456A007F85DF /* Products */ = {
			isa = PBXGroup;
			children = (
				2388F76C2105456A007F85DF /* foodGyaan.app */,
			);
			name = Products;
			sourceTree = "<group>";
		};
		23B18354210E6BF700309AA4 /* foodGyaan */ = {
			isa = PBXGroup;
			children = (
				230C977E211D5F4F009EDE7D /* Model */,
				23B18355210E6BF700309AA4 /* LaunchScreen.storyboard */,
				23B18356210E6BF700309AA4 /* TryItHere.playground */,
				23B18357210E6BF700309AA4 /* Assets.xcassets */,
				23B18358210E6BF700309AA4 /* Main.storyboard */,
				23B18359210E6BF700309AA4 /* MyImages */,
				23B18387210E6BF700309AA4 /* AppDelegate.swift */,
				23B18388210E6BF700309AA4 /* Controllers */,
				23B1838B210E6BF700309AA4 /* Info.plist */,
				23DD7C1921166A4D00199B2B /* Extensions.swift */,
				23DD7C1B2117772800199B2B /* DOFavoriteButton.swift */,
			);
			path = foodGyaan;
			sourceTree = "<group>";
		};
		23B18359210E6BF700309AA4 /* MyImages */ = {
			isa = PBXGroup;
			children = (
				23DD7C1F211CBFF500199B2B /* Other */,
				23B1835A210E6BF700309AA4 /* Vegetables */,
				23B18363210E6BF700309AA4 /* FamousFood */,
				23B18371210E6BF700309AA4 /* Fruits */,
				23B18381210E6BF700309AA4 /* Spices */,
			);
			path = MyImages;
			sourceTree = "<group>";
		};
		23B1835A210E6BF700309AA4 /* Vegetables */ = {
			isa = PBXGroup;
			children = (
				23B1835B210E6BF700309AA4 /* Palak.jpg */,
				23B1835C210E6BF700309AA4 /* Tindoora.jpg */,
				23B1835D210E6BF700309AA4 /* Bataka.jpg */,
				23B1835E210E6BF700309AA4 /* Dudhi.jpg */,
				23B1835F210E6BF700309AA4 /* Kaakdi.jpg */,
				23B18360210E6BF700309AA4 /* TuvarLilva.jpg */,
				23B18361210E6BF700309AA4 /* Vatana.jpg */,
				23B18362210E6BF700309AA4 /* Kanda.jpg */,
			);
			path = Vegetables;
			sourceTree = "<group>";
		};
		23B18363210E6BF700309AA4 /* FamousFood */ = {
			isa = PBXGroup;
			children = (
				23B18364210E6BF700309AA4 /* Bhel.jpg */,
				23B18365210E6BF700309AA4 /* DahiVada.jpg */,
				23B18366210E6BF700309AA4 /* Khaman.jpg */,
				23B18367210E6BF700309AA4 /* BhajiPav.jpg */,
				23B18368210E6BF700309AA4 /* VadaPav.jpg */,
				23B18369210E6BF700309AA4 /* PaneerTikka.jpg */,
				23B1836A210E6BF700309AA4 /* Dabeli.jpg */,
				23B1836B210E6BF700309AA4 /* DryManchurian.jpg */,
				23B1836C210E6BF700309AA4 /* CholeBhature.jpg */,
				23B1836D210E6BF700309AA4 /* PaniPuri.jpg */,
				23B1836E210E6BF700309AA4 /* AlooTikki.jpg */,
				23B1836F210E6BF700309AA4 /* MasalaDosa.jpg */,
				23B18370210E6BF700309AA4 /* Samosa.jpg */,
			);
			path = FamousFood;
			sourceTree = "<group>";
		};
		23B18371210E6BF700309AA4 /* Fruits */ = {
			isa = PBXGroup;
			children = (
				23B18372210E6BF700309AA4 /* Limbu.jpg */,
				23B18373210E6BF700309AA4 /* Galeli.jpg */,
				23B18374210E6BF700309AA4 /* Draksh.jpg */,
				23B18375210E6BF700309AA4 /* Keru.jpg */,
				23B18376210E6BF700309AA4 /* Dadham.jpg */,
				23B18377210E6BF700309AA4 /* Carambola.jpg */,
				23B18378210E6BF700309AA4 /* KaachiKeri.jpg */,
				23B18379210E6BF700309AA4 /* Tarbooch.jpg */,
				23B1837A210E6BF700309AA4 /* Keri.jpg */,
				23B1837B210E6BF700309AA4 /* Sherdi.jpg */,
				23B1837C210E6BF700309AA4 /* Chapa.jpg */,
				23B1837D210E6BF700309AA4 /* VilayatiImli.jpg */,
				23B1837E210E6BF700309AA4 /* Jambu.jpg */,
				23B1837F210E6BF700309AA4 /* Safarjan.jpg */,
				23B18380210E6BF700309AA4 /* Jamrukh.jpg */,
			);
			path = Fruits;
			sourceTree = "<group>";
		};
		23B18381210E6BF700309AA4 /* Spices */ = {
			isa = PBXGroup;
			children = (
				23B18382210E6BF700309AA4 /* Hardar.jpg */,
				23B18383210E6BF700309AA4 /* Ajmo.jpg */,
				23B18384210E6BF700309AA4 /* LaalMarchu.jpg */,
				23B18385210E6BF700309AA4 /* Meethu.jpg */,
				23B18386210E6BF700309AA4 /* Mari.jpg */,
			);
			path = Spices;
			sourceTree = "<group>";
		};
		23B18388210E6BF700309AA4 /* Controllers */ = {
			isa = PBXGroup;
			children = (
				23B18389210E6BF700309AA4 /* ViewController.swift */,
				23B1838A210E6BF700309AA4 /* QuizViewController.swift */,
			);
			path = Controllers;
			sourceTree = "<group>";
		};
		23DD7C1F211CBFF500199B2B /* Other */ = {
			isa = PBXGroup;
			children = (
				23DD7C20211CC03300199B2B /* ModalViewBackground.jpg */,
			);
			path = Other;
			sourceTree = "<group>";
		};
		2B932DB5C39A6E012C041258 /* Frameworks */ = {
			isa = PBXGroup;
			children = (
				EBEE89000026AFBF55D2243A /* Pods_foodGyaan.framework */,
			);
			name = Frameworks;
			sourceTree = "<group>";
		};
		D7085B943B010388B9E87EC1 /* Pods */ = {
			isa = PBXGroup;
			children = (
				F451BA68A998CF286F5C6ABA /* Pods-foodGyaan.debug.xcconfig */,
				E1962802D086E2E009E139E5 /* Pods-foodGyaan.release.xcconfig */,
			);
			name = Pods;
			sourceTree = "<group>";
		};
/* End PBXGroup section */

/* Begin PBXNativeTarget section */
		2388F76B2105456A007F85DF /* foodGyaan */ = {
			isa = PBXNativeTarget;
			buildConfigurationList = 2388F77E2105456C007F85DF /* Build configuration list for PBXNativeTarget "foodGyaan" */;
			buildPhases = (
				FBBCB041A68B0219AC665F5E /* [CP] Check Pods Manifest.lock */,
				2388F7682105456A007F85DF /* Sources */,
				2388F7692105456A007F85DF /* Frameworks */,
				2388F76A2105456A007F85DF /* Resources */,
				CB1592C6295BF6FAC0AD0EA5 /* [CP] Embed Pods Frameworks */,
			);
			buildRules = (
			);
			dependencies = (
			);
			name = foodGyaan;
			productName = foodGyaan;
			productReference = 2388F76C2105456A007F85DF /* foodGyaan.app */;
			productType = "com.apple.product-type.application";
		};
/* End PBXNativeTarget section */

/* Begin PBXProject section */
		2388F7642105456A007F85DF /* Project object */ = {
			isa = PBXProject;
			attributes = {
				LastSwiftUpdateCheck = 0940;
				LastUpgradeCheck = 0940;
				ORGANIZATIONNAME = "Hetvi Shah";
				TargetAttributes = {
					2388F76B2105456A007F85DF = {
						CreatedOnToolsVersion = 9.4.1;
					};
				};
			};
			buildConfigurationList = 2388F7672105456A007F85DF /* Build configuration list for PBXProject "foodGyaan" */;
			compatibilityVersion = "Xcode 9.3";
			developmentRegion = en;
			hasScannedForEncodings = 0;
			knownRegions = (
				en,
				Base,
			);
			mainGroup = 2388F7632105456A007F85DF;
			productRefGroup = 2388F76D2105456A007F85DF /* Products */;
			projectDirPath = "";
			projectRoot = "";
			targets = (
				2388F76B2105456A007F85DF /* foodGyaan */,
			);
		};
/* End PBXProject section */

/* Begin PBXResourcesBuildPhase section */
		2388F76A2105456A007F85DF /* Resources */ = {
			isa = PBXResourcesBuildPhase;
			buildActionMask = 2147483647;
			files = (
				23B18394210E6BF700309AA4 /* TuvarLilva.jpg in Resources */,
				23B18395210E6BF700309AA4 /* Vatana.jpg in Resources */,
				23B183B2210E6BF700309AA4 /* Jamrukh.jpg in Resources */,
				23B183B4210E6BF700309AA4 /* Ajmo.jpg in Resources */,
				23B183B1210E6BF700309AA4 /* Safarjan.jpg in Resources */,
				23B18392210E6BF700309AA4 /* Dudhi.jpg in Resources */,
				23B18393210E6BF700309AA4 /* Kaakdi.jpg in Resources */,
				23B183A9210E6BF700309AA4 /* Carambola.jpg in Resources */,
				23B18397210E6BF700309AA4 /* Bhel.jpg in Resources */,
				23B183A1210E6BF700309AA4 /* AlooTikki.jpg in Resources */,
				23B183A3210E6BF700309AA4 /* Samosa.jpg in Resources */,
				23B18396210E6BF700309AA4 /* Kanda.jpg in Resources */,
				23B1839E210E6BF700309AA4 /* DryManchurian.jpg in Resources */,
				23B183A2210E6BF700309AA4 /* MasalaDosa.jpg in Resources */,
				23B183A8210E6BF700309AA4 /* Dadham.jpg in Resources */,
				23B1838C210E6BF700309AA4 /* LaunchScreen.storyboard in Resources */,
				23B183A7210E6BF700309AA4 /* Keru.jpg in Resources */,
				23B183B6210E6BF700309AA4 /* Meethu.jpg in Resources */,
				23B183AF210E6BF700309AA4 /* VilayatiImli.jpg in Resources */,
				23B183B0210E6BF700309AA4 /* Jambu.jpg in Resources */,
				23B183B5210E6BF700309AA4 /* LaalMarchu.jpg in Resources */,
				23B183A0210E6BF700309AA4 /* PaniPuri.jpg in Resources */,
				23B183B7210E6BF700309AA4 /* Mari.jpg in Resources */,
				23B1839A210E6BF700309AA4 /* BhajiPav.jpg in Resources */,
				23B1839D210E6BF700309AA4 /* Dabeli.jpg in Resources */,
				23B183A6210E6BF700309AA4 /* Draksh.jpg in Resources */,
				23B183AB210E6BF700309AA4 /* Tarbooch.jpg in Resources */,
				23B18398210E6BF700309AA4 /* DahiVada.jpg in Resources */,
				23B18399210E6BF700309AA4 /* Khaman.jpg in Resources */,
				23B183AD210E6BF700309AA4 /* Sherdi.jpg in Resources */,
				23B1839F210E6BF700309AA4 /* CholeBhature.jpg in Resources */,
				23B183A5210E6BF700309AA4 /* Galeli.jpg in Resources */,
				23B183A4210E6BF700309AA4 /* Limbu.jpg in Resources */,
				23B183AE210E6BF700309AA4 /* Chapa.jpg in Resources */,
				23DD7C21211CC03300199B2B /* ModalViewBackground.jpg in Resources */,
				23B183BB210E6BF700309AA4 /* Info.plist in Resources */,
				23B18390210E6BF700309AA4 /* Tindoora.jpg in Resources */,
				23B18391210E6BF700309AA4 /* Bataka.jpg in Resources */,
				23B1839C210E6BF700309AA4 /* PaneerTikka.jpg in Resources */,
				23B1838D210E6BF700309AA4 /* Assets.xcassets in Resources */,
				23B183AA210E6BF700309AA4 /* KaachiKeri.jpg in Resources */,
				23B1838F210E6BF700309AA4 /* Palak.jpg in Resources */,
				23B183B3210E6BF700309AA4 /* Hardar.jpg in Resources */,
				23B1839B210E6BF700309AA4 /* VadaPav.jpg in Resources */,
				23B1838E210E6BF700309AA4 /* Main.storyboard in Resources */,
				23B183AC210E6BF700309AA4 /* Keri.jpg in Resources */,
			);
			runOnlyForDeploymentPostprocessing = 0;
		};
/* End PBXResourcesBuildPhase section */

/* Begin PBXShellScriptBuildPhase section */
		CB1592C6295BF6FAC0AD0EA5 /* [CP] Embed Pods Frameworks */ = {
			isa = PBXShellScriptBuildPhase;
			buildActionMask = 2147483647;
			files = (
			);
			inputPaths = (
				"${SRCROOT}/Pods/Target Support Files/Pods-foodGyaan/Pods-foodGyaan-frameworks.sh",
				"${BUILT_PRODUCTS_DIR}/MDFInternationalization/MDFInternationalization.framework",
				"${BUILT_PRODUCTS_DIR}/MDFTextAccessibility/MDFTextAccessibility.framework",
				"${BUILT_PRODUCTS_DIR}/MaterialComponents/MaterialComponents.framework",
				"${BUILT_PRODUCTS_DIR}/MotionAnimator/MotionAnimator.framework",
				"${BUILT_PRODUCTS_DIR}/MotionInterchange/MotionInterchange.framework",
				"${BUILT_PRODUCTS_DIR}/MotionTransitioning/MotionTransitioning.framework",
			);
			name = "[CP] Embed Pods Frameworks";
			outputPaths = (
				"${TARGET_BUILD_DIR}/${FRAMEWORKS_FOLDER_PATH}/MDFInternationalization.framework",
				"${TARGET_BUILD_DIR}/${FRAMEWORKS_FOLDER_PATH}/MDFTextAccessibility.framework",
				"${TARGET_BUILD_DIR}/${FRAMEWORKS_FOLDER_PATH}/MaterialComponents.framework",
				"${TARGET_BUILD_DIR}/${FRAMEWORKS_FOLDER_PATH}/MotionAnimator.framework",
				"${TARGET_BUILD_DIR}/${FRAMEWORKS_FOLDER_PATH}/MotionInterchange.framework",
				"${TARGET_BUILD_DIR}/${FRAMEWORKS_FOLDER_PATH}/MotionTransitioning.framework",
			);
			runOnlyForDeploymentPostprocessing = 0;
			shellPath = /bin/sh;
			shellScript = "\"${SRCROOT}/Pods/Target Support Files/Pods-foodGyaan/Pods-foodGyaan-frameworks.sh\"\n";
			showEnvVarsInLog = 0;
		};
		FBBCB041A68B0219AC665F5E /* [CP] Check Pods Manifest.lock */ = {
			isa = PBXShellScriptBuildPhase;
			buildActionMask = 2147483647;
			files = (
			);
			inputPaths = (
				"${PODS_PODFILE_DIR_PATH}/Podfile.lock",
				"${PODS_ROOT}/Manifest.lock",
			);
			name = "[CP] Check Pods Manifest.lock";
			outputPaths = (
				"$(DERIVED_FILE_DIR)/Pods-foodGyaan-checkManifestLockResult.txt",
			);
			runOnlyForDeploymentPostprocessing = 0;
			shellPath = /bin/sh;
			shellScript = "diff \"${PODS_PODFILE_DIR_PATH}/Podfile.lock\" \"${PODS_ROOT}/Manifest.lock\" > /dev/null\nif [ $? != 0 ] ; then\n    # print error to STDERR\n    echo \"error: The sandbox is not in sync with the Podfile.lock. Run 'pod install' or update your CocoaPods installation.\" >&2\n    exit 1\nfi\n# This output is used by Xcode 'outputs' to avoid re-running this script phase.\necho \"SUCCESS\" > \"${SCRIPT_OUTPUT_FILE_0}\"\n";
			showEnvVarsInLog = 0;
		};
/* End PBXShellScriptBuildPhase section */

/* Begin PBXSourcesBuildPhase section */
		2388F7682105456A007F85DF /* Sources */ = {
			isa = PBXSourcesBuildPhase;
			buildActionMask = 2147483647;
			files = (
				230C9780211D5F7D009EDE7D /* Classess.swift in Sources */,
				23B183B9210E6BF700309AA4 /* ViewController.swift in Sources */,
				23B183B8210E6BF700309AA4 /* AppDelegate.swift in Sources */,
				23B183BA210E6BF700309AA4 /* QuizViewController.swift in Sources */,
				23DD7C1C2117772800199B2B /* DOFavoriteButton.swift in Sources */,
				23DD7C1A21166A4D00199B2B /* Extensions.swift in Sources */,
			);
			runOnlyForDeploymentPostprocessing = 0;
		};
/* End PBXSourcesBuildPhase section */

/* Begin XCBuildConfiguration section */
		2388F77C2105456C007F85DF /* Debug */ = {
			isa = XCBuildConfiguration;
			buildSettings = {
				ALWAYS_SEARCH_USER_PATHS = NO;
				CLANG_ANALYZER_NONNULL = YES;
				CLANG_ANALYZER_NUMBER_OBJECT_CONVERSION = YES_AGGRESSIVE;
				CLANG_CXX_LANGUAGE_STANDARD = "gnu++14";
				CLANG_CXX_LIBRARY = "libc++";
				CLANG_ENABLE_MODULES = YES;
				CLANG_ENABLE_OBJC_ARC = YES;
				CLANG_ENABLE_OBJC_WEAK = YES;
				CLANG_WARN_BLOCK_CAPTURE_AUTORELEASING = YES;
				CLANG_WARN_BOOL_CONVERSION = YES;
				CLANG_WARN_COMMA = YES;
				CLANG_WARN_CONSTANT_CONVERSION = YES;
				CLANG_WARN_DEPRECATED_OBJC_IMPLEMENTATIONS = YES;
				CLANG_WARN_DIRECT_OBJC_ISA_USAGE = YES_ERROR;
				CLANG_WARN_DOCUMENTATION_COMMENTS = YES;
				CLANG_WARN_EMPTY_BODY = YES;
				CLANG_WARN_ENUM_CONVERSION = YES;
				CLANG_WARN_INFINITE_RECURSION = YES;
				CLANG_WARN_INT_CONVERSION = YES;
				CLANG_WARN_NON_LITERAL_NULL_CONVERSION = YES;
				CLANG_WARN_OBJC_IMPLICIT_RETAIN_SELF = YES;
				CLANG_WARN_OBJC_LITERAL_CONVERSION = YES;
				CLANG_WARN_OBJC_ROOT_CLASS = YES_ERROR;
				CLANG_WARN_RANGE_LOOP_ANALYSIS = YES;
				CLANG_WARN_STRICT_PROTOTYPES = YES;
				CLANG_WARN_SUSPICIOUS_MOVE = YES;
				CLANG_WARN_UNGUARDED_AVAILABILITY = YES_AGGRESSIVE;
				CLANG_WARN_UNREACHABLE_CODE = YES;
				CLANG_WARN__DUPLICATE_METHOD_MATCH = YES;
				CODE_SIGN_IDENTITY = "iPhone Developer";
				COPY_PHASE_STRIP = NO;
				DEBUG_INFORMATION_FORMAT = dwarf;
				ENABLE_STRICT_OBJC_MSGSEND = YES;
				ENABLE_TESTABILITY = YES;
				GCC_C_LANGUAGE_STANDARD = gnu11;
				GCC_DYNAMIC_NO_PIC = NO;
				GCC_NO_COMMON_BLOCKS = YES;
				GCC_OPTIMIZATION_LEVEL = 0;
				GCC_PREPROCESSOR_DEFINITIONS = (
					"DEBUG=1",
					"$(inherited)",
				);
				GCC_WARN_64_TO_32_BIT_CONVERSION = YES;
				GCC_WARN_ABOUT_RETURN_TYPE = YES_ERROR;
				GCC_WARN_UNDECLARED_SELECTOR = YES;
				GCC_WARN_UNINITIALIZED_AUTOS = YES_AGGRESSIVE;
				GCC_WARN_UNUSED_FUNCTION = YES;
				GCC_WARN_UNUSED_VARIABLE = YES;
				IPHONEOS_DEPLOYMENT_TARGET = 11.4;
				MTL_ENABLE_DEBUG_INFO = YES;
				ONLY_ACTIVE_ARCH = YES;
				SDKROOT = iphoneos;
				SWIFT_ACTIVE_COMPILATION_CONDITIONS = DEBUG;
				SWIFT_OPTIMIZATION_LEVEL = "-Onone";
			};
			name = Debug;
		};
		2388F77D2105456C007F85DF /* Release */ = {
			isa = XCBuildConfiguration;
			buildSettings = {
				ALWAYS_SEARCH_USER_PATHS = NO;
				CLANG_ANALYZER_NONNULL = YES;
				CLANG_ANALYZER_NUMBER_OBJECT_CONVERSION = YES_AGGRESSIVE;
				CLANG_CXX_LANGUAGE_STANDARD = "gnu++14";
				CLANG_CXX_LIBRARY = "libc++";
				CLANG_ENABLE_MODULES = YES;
				CLANG_ENABLE_OBJC_ARC = YES;
				CLANG_ENABLE_OBJC_WEAK = YES;
				CLANG_WARN_BLOCK_CAPTURE_AUTORELEASING = YES;
				CLANG_WARN_BOOL_CONVERSION = YES;
				CLANG_WARN_COMMA = YES;
				CLANG_WARN_CONSTANT_CONVERSION = YES;
				CLANG_WARN_DEPRECATED_OBJC_IMPLEMENTATIONS = YES;
				CLANG_WARN_DIRECT_OBJC_ISA_USAGE = YES_ERROR;
				CLANG_WARN_DOCUMENTATION_COMMENTS = YES;
				CLANG_WARN_EMPTY_BODY = YES;
				CLANG_WARN_ENUM_CONVERSION = YES;
				CLANG_WARN_INFINITE_RECURSION = YES;
				CLANG_WARN_INT_CONVERSION = YES;
				CLANG_WARN_NON_LITERAL_NULL_CONVERSION = YES;
				CLANG_WARN_OBJC_IMPLICIT_RETAIN_SELF = YES;
				CLANG_WARN_OBJC_LITERAL_CONVERSION = YES;
				CLANG_WARN_OBJC_ROOT_CLASS = YES_ERROR;
				CLANG_WARN_RANGE_LOOP_ANALYSIS = YES;
				CLANG_WARN_STRICT_PROTOTYPES = YES;
				CLANG_WARN_SUSPICIOUS_MOVE = YES;
				CLANG_WARN_UNGUARDED_AVAILABILITY = YES_AGGRESSIVE;
				CLANG_WARN_UNREACHABLE_CODE = YES;
				CLANG_WARN__DUPLICATE_METHOD_MATCH = YES;
				CODE_SIGN_IDENTITY = "iPhone Developer";
				COPY_PHASE_STRIP = NO;
				DEBUG_INFORMATION_FORMAT = "dwarf-with-dsym";
				ENABLE_NS_ASSERTIONS = NO;
				ENABLE_STRICT_OBJC_MSGSEND = YES;
				GCC_C_LANGUAGE_STANDARD = gnu11;
				GCC_NO_COMMON_BLOCKS = YES;
				GCC_WARN_64_TO_32_BIT_CONVERSION = YES;
				GCC_WARN_ABOUT_RETURN_TYPE = YES_ERROR;
				GCC_WARN_UNDECLARED_SELECTOR = YES;
				GCC_WARN_UNINITIALIZED_AUTOS = YES_AGGRESSIVE;
				GCC_WARN_UNUSED_FUNCTION = YES;
				GCC_WARN_UNUSED_VARIABLE = YES;
				IPHONEOS_DEPLOYMENT_TARGET = 11.4;
				MTL_ENABLE_DEBUG_INFO = NO;
				SDKROOT = iphoneos;
				SWIFT_COMPILATION_MODE = wholemodule;
				SWIFT_OPTIMIZATION_LEVEL = "-O";
				VALIDATE_PRODUCT = YES;
			};
			name = Release;
		};
		2388F77F2105456C007F85DF /* Debug */ = {
			isa = XCBuildConfiguration;
			baseConfigurationReference = F451BA68A998CF286F5C6ABA /* Pods-foodGyaan.debug.xcconfig */;
			buildSettings = {
				ASSETCATALOG_COMPILER_APPICON_NAME = AppIcon;
				CODE_SIGN_STYLE = Automatic;
				INFOPLIST_FILE = foodGyaan/Info.plist;
				LD_RUNPATH_SEARCH_PATHS = (
					"$(inherited)",
					"@executable_path/Frameworks",
				);
				PRODUCT_BUNDLE_IDENTIFIER = com.hetviShah.foodGyaan;
				PRODUCT_NAME = "$(TARGET_NAME)";
				SWIFT_VERSION = 4.0;
				TARGETED_DEVICE_FAMILY = "1,2";
			};
			name = Debug;
		};
		2388F7802105456C007F85DF /* Release */ = {
			isa = XCBuildConfiguration;
			baseConfigurationReference = E1962802D086E2E009E139E5 /* Pods-foodGyaan.release.xcconfig */;
			buildSettings = {
				ASSETCATALOG_COMPILER_APPICON_NAME = AppIcon;
				CODE_SIGN_STYLE = Automatic;
				INFOPLIST_FILE = foodGyaan/Info.plist;
				LD_RUNPATH_SEARCH_PATHS = (
					"$(inherited)",
					"@executable_path/Frameworks",
				);
				PRODUCT_BUNDLE_IDENTIFIER = com.hetviShah.foodGyaan;
				PRODUCT_NAME = "$(TARGET_NAME)";
				SWIFT_VERSION = 4.0;
				TARGETED_DEVICE_FAMILY = "1,2";
			};
			name = Release;
		};
/* End XCBuildConfiguration section */

/* Begin XCConfigurationList section */
		2388F7672105456A007F85DF /* Build configuration list for PBXProject "foodGyaan" */ = {
			isa = XCConfigurationList;
			buildConfigurations = (
				2388F77C2105456C007F85DF /* Debug */,
				2388F77D2105456C007F85DF /* Release */,
			);
			defaultConfigurationIsVisible = 0;
			defaultConfigurationName = Release;
		};
		2388F77E2105456C007F85DF /* Build configuration list for PBXNativeTarget "foodGyaan" */ = {
			isa = XCConfigurationList;
			buildConfigurations = (
				2388F77F2105456C007F85DF /* Debug */,
				2388F7802105456C007F85DF /* Release */,
			);
			defaultConfigurationIsVisible = 0;
			defaultConfigurationName = Release;
		};
/* End XCConfigurationList section */
	};
	rootObject = 2388F7642105456A007F85DF /* Project object */;
}
